
Microsoft Visual Studio Solution File, Format Version 12.00
# Visual Studio 15
VisualStudioVersion = 15.0.27703.2026
MinimumVisualStudioVersion = 10.0.40219.1
Project("{FAE04EC0-301F-11D3-BF4B-00C04F79EFBC}") = "UnitTestProject1", "UnitTestProject1\UnitTestProject1.csproj", "{D71D6BDB-EA76-4FA3-AD31-EF3F9CEE402D}"
EndProject
Global
	GlobalSection(SolutionConfigurationPlatforms) = preSolution
		Debug|Any CPU = Debug|Any CPU
		Release|Any CPU = Release|Any CPU
	EndGlobalSection
	GlobalSection(ProjectConfigurationPlatforms) = postSolution
		{D71D6BDB-EA76-4FA3-AD31-EF3F9CEE402D}.Debug|Any CPU.ActiveCfg = Debug|Any CPU
		{D71D6BDB-EA76-4FA3-AD31-EF3F9CEE402D}.Debug|Any CPU.Build.0 = Debug|Any CPU
		{D71D6BDB-EA76-4FA3-AD31-EF3F9CEE402D}.Release|Any CPU.ActiveCfg = Release|Any CPU
		{D71D6BDB-EA76-4FA3-AD31-EF3F9CEE402D}.Release|Any CPU.Build.0 = Release|Any CPU
	EndGlobalSection
	GlobalSection(SolutionProperties) = preSolution
		HideSolutionNode = FALSE
	EndGlobalSection
	GlobalSection(ExtensibilityGlobals) = postSolution
		SolutionGuid = {7EEE3C87-A9AC-4359-B9F0-91672CE928E8}
	EndGlobalSection
EndGlobal
